PODS:
  - Alamofire (4.2.0)
  - DACircularProgress (2.3.1)
  - HandyJSON (1.7.2)
  - Kingfisher (3.2.4)
  - MJRefresh (3.1.12)
  - SKPhotoBrowser (4.0.1)
  - SVProgressHUD (2.1.2)
  - XHLaunchAd (3.3.0)

DEPENDENCIES:
  - Alamofire
  - DACircularProgress (~> 2.3.1)
  - HandyJSON (~> 1.7.2)
  - Kingfisher (~> 3.2.4)
  - MJRefresh (~> 3.1.12)
  - SKPhotoBrowser
  - SVProgressHUD
  - XHLaunchAd (~> 3.3.0)

SPEC CHECKSUMS:
  Alamofire: aa2e09d871c9160ac53c90e83c68064a94e3dfbe
  DACircularProgress: 4dd437c0fc3da5161cb289e07ac449493d41db71
  HandyJSON: e7ad0483005826baba1d1c251cd98d0aa8bd8cce
  Kingfisher: 8d80f39da403cd9c9ee11984e1655f4d6a566cdb
  MJRefresh: b96cdb21c4aa75a7b07654311ab2f315c497e806
  SKPhotoBrowser: 3a7c6fc02aa1620ab17253a47a49fafda46536e8
  SVProgressHUD: c404a55d78acbeb7ebb78b76d3faf986475a6994
  XHLaunchAd: 6e30e509f09a6a16222a4615afa03c7409e2db59

PODFILE CHECKSUM: 6494519fac545af9cd189fb7225cd331843c9fce

COCOAPODS: 1.1.1
